<?xml version="1.0" encoding="utf-8"?>
<Project ToolsVersion="4.0" xmlns="http://schemas.microsoft.com/developer/msbuild/2003">
  <ItemGroup>
    <Filter Include="Source Files">
      <UniqueIdentifier>{4FC737F1-C7A5-4376-A066-2A32D752A2FF}</UniqueIdentifier>
      <Extensions>cpp;c;cc;cxx;c++;cppm;ixx;def;odl;idl;hpj;bat;asm;asmx</Extensions>
    </Filter>
    <Filter Include="Header Files">
      <UniqueIdentifier>{93995380-89BD-4b04-88EB-625FBE52EBFB}</UniqueIdentifier>
      <Extensions>h;hh;hpp;hxx;h++;hm;inl;inc;ipp;xsd</Extensions>
    </Filter>
    <Filter Include="Resource Files">
      <UniqueIdentifier>{67DA6AB6-F800-4c08-8B7A-83BB121AAD01}</UniqueIdentifier>
      <Extensions>rc;ico;cur;bmp;dlg;rc2;rct;bin;rgs;gif;jpg;jpeg;jpe;resx;tiff;tif;png;wav;mfcribbon-ms</Extensions>
    </Filter>
    <Filter Include="Resource Files\Before">
      <UniqueIdentifier>{ce3f482a-a4a3-4187-b86b-8d28fc8816c0}</UniqueIdentifier>
    </Filter>
    <Filter Include="Resource Files\LintCode_Hot100">
      <UniqueIdentifier>{3af578b5-1d7d-49b3-a448-036dad4999bc}</UniqueIdentifier>
    </Filter>
    <Filter Include="Resource Files\Utils">
      <UniqueIdentifier>{e0d50d80-7de4-48a1-917c-9abacc5a24f4}</UniqueIdentifier>
    </Filter>
    <Filter Include="Resource Files\LintCode">
      <UniqueIdentifier>{e01ba001-ea10-4fa7-8133-33568a60f8df}</UniqueIdentifier>
    </Filter>
  </ItemGroup>
  <ItemGroup>
    <None Include="before.cpp.backup">
      <Filter>Resource Files\Before</Filter>
    </None>
  </ItemGroup>
  <ItemGroup>
    <ClCompile Include="RunTest.cpp">
      <Filter>Resource Files</Filter>
    </ClCompile>
    <ClCompile Include="LintCode_Test.cpp">
      <Filter>Resource Files\LintCode_Hot100</Filter>
    </ClCompile>
    <ClCompile Include="Utils.cpp">
      <Filter>Resource Files\Utils</Filter>
    </ClCompile>
    <ClCompile Include="1SumOfTwo.cpp">
      <Filter>Resource Files\LintCode_Hot100</Filter>
    </ClCompile>
    <ClCompile Include="2SumOfList.cpp">
      <Filter>Resource Files\LintCode_Hot100</Filter>
    </ClCompile>
    <ClCompile Include="3LongestUniqueSubString.cpp">
      <Filter>Resource Files\LintCode_Hot100</Filter>
    </ClCompile>
    <ClCompile Include="isomorphic-strings.cpp">
      <Filter>Resource Files\LintCode</Filter>
    </ClCompile>
    <ClCompile Include="repeated-dna-sequences.cpp">
      <Filter>Resource Files\LintCode</Filter>
    </ClCompile>
    <ClCompile Include="rotate-array.cpp">
      <Filter>Resource Files\LintCode</Filter>
    </ClCompile>
    <ClCompile Include="reverse-bits.cpp">
      <Filter>Resource Files\LintCode</Filter>
    </ClCompile>
    <ClCompile Include="number-of-1-bits.cpp">
      <Filter>Resource Files\LintCode</Filter>
    </ClCompile>
    <ClCompile Include="word-frequency.cpp">
      <Filter>Resource Files\LintCode</Filter>
    </ClCompile>
    <ClCompile Include="house-robber-ii.cpp">
      <Filter>Resource Files\LintCode</Filter>
    </ClCompile>
    <ClCompile Include="contains-duplicate.cpp">
      <Filter>Resource Files\LintCode</Filter>
    </ClCompile>
    <ClCompile Include="word-ladder.cpp">
      <Filter>Resource Files\LintCode</Filter>
    </ClCompile>
    <ClCompile Include="sum-root-to-leaf-numbers.cpp">
      <Filter>Resource Files\LintCode</Filter>
    </ClCompile>
    <ClCompile Include="two-sum-ii-input-array-is-sorted.cpp">
      <Filter>Resource Files\LintCode</Filter>
    </ClCompile>
    <ClCompile Include="excel-sheet-column-title.cpp">
      <Filter>Resource Files\LintCode</Filter>
    </ClCompile>
    <ClCompile Include="surrounded-regions.cpp">
      <Filter>Resource Files\LintCode</Filter>
    </ClCompile>
    <ClCompile Include="palindrome-partitioning.cpp">
      <Filter>Resource Files\LintCode</Filter>
    </ClCompile>
    <ClCompile Include="palindrome-partitioning-ii.cpp">
      <Filter>Resource Files\LintCode</Filter>
    </ClCompile>
  </ItemGroup>
  <ItemGroup>
    <ClInclude Include="Utils.h">
      <Filter>Header Files</Filter>
    </ClInclude>
  </ItemGroup>
</Project>